// !$*UTF8*$!
{
	archiveVersion = 1;
	classes = {
	};
	objectVersion = 56;
	objects = {

/* Begin PBXBuildFile section */
		578082242B0E4DFF00F38788 /* NoteModel.swift in Sources */ = {isa = PBXBuildFile; fileRef = 578082232B0E4DFF00F38788 /* NoteModel.swift */; };
		578082262B0E4EC700F38788 /* SavedNotes.swift in Sources */ = {isa = PBXBuildFile; fileRef = 578082252B0E4EC700F38788 /* SavedNotes.swift */; };
		578082282B0E4F2D00F38788 /* AddNoteView.swift in Sources */ = {isa = PBXBuildFile; fileRef = 578082272B0E4F2D00F38788 /* AddNoteView.swift */; };
		5780822A2B0E56B500F38788 /* NoteDetail.swift in Sources */ = {isa = PBXBuildFile; fileRef = 578082292B0E56B500F38788 /* NoteDetail.swift */; };
		57871CF82AFA9C4900785CD1 /* NotesWSApp.swift in Sources */ = {isa = PBXBuildFile; fileRef = 57871CF72AFA9C4900785CD1 /* NotesWSApp.swift */; };
		57871CFA2AFA9C4900785CD1 /* ContentView.swift in Sources */ = {isa = PBXBuildFile; fileRef = 57871CF92AFA9C4900785CD1 /* ContentView.swift */; };
		57871CFC2AFA9C4A00785CD1 /* Assets.xcassets in Resources */ = {isa = PBXBuildFile; fileRef = 57871CFB2AFA9C4A00785CD1 /* Assets.xcassets */; };
		57871CFF2AFA9C4A00785CD1 /* Preview Assets.xcassets in Resources */ = {isa = PBXBuildFile; fileRef = 57871CFE2AFA9C4A00785CD1 /* Preview Assets.xcassets */; };
		57FB63492B0528FA00A730CC /* ContentViewTwo.swift in Sources */ = {isa = PBXBuildFile; fileRef = 57FB63482B0528FA00A730CC /* ContentViewTwo.swift */; };
/* End PBXBuildFile section */

/* Begin PBXFileReference section */
		578082232B0E4DFF00F38788 /* NoteModel.swift */ = {isa = PBXFileReference; lastKnownFileType = sourcecode.swift; path = NoteModel.swift; sourceTree = "<group>"; };
		578082252B0E4EC700F38788 /* SavedNotes.swift */ = {isa = PBXFileReference; lastKnownFileType = sourcecode.swift; path = SavedNotes.swift; sourceTree = "<group>"; };
		578082272B0E4F2D00F38788 /* AddNoteView.swift */ = {isa = PBXFileReference; lastKnownFileType = sourcecode.swift; path = AddNoteView.swift; sourceTree = "<group>"; };
		578082292B0E56B500F38788 /* NoteDetail.swift */ = {isa = PBXFileReference; lastKnownFileType = sourcecode.swift; path = NoteDetail.swift; sourceTree = "<group>"; };
		57871CF42AFA9C4900785CD1 /* NotesWS.app */ = {isa = PBXFileReference; explicitFileType = wrapper.application; includeInIndex = 0; path = NotesWS.app; sourceTree = BUILT_PRODUCTS_DIR; };
		57871CF72AFA9C4900785CD1 /* NotesWSApp.swift */ = {isa = PBXFileReference; lastKnownFileType = sourcecode.swift; path = NotesWSApp.swift; sourceTree = "<group>"; };
		57871CF92AFA9C4900785CD1 /* ContentView.swift */ = {isa = PBXFileReference; lastKnownFileType = sourcecode.swift; path = ContentView.swift; sourceTree = "<group>"; };
		57871CFB2AFA9C4A00785CD1 /* Assets.xcassets */ = {isa = PBXFileReference; lastKnownFileType = folder.assetcatalog; path = Assets.xcassets; sourceTree = "<group>"; };
		57871CFE2AFA9C4A00785CD1 /* Preview Assets.xcassets */ = {isa = PBXFileReference; lastKnownFileType = folder.assetcatalog; path = "Preview Assets.xcassets"; sourceTree = "<group>"; };
		57FB63482B0528FA00A730CC /* ContentViewTwo.swift */ = {isa = PBXFileReference; lastKnownFileType = sourcecode.swift; path = ContentViewTwo.swift; sourceTree = "<group>"; };
/* End PBXFileReference section */

/* Begin PBXFrameworksBuildPhase section */
		57871CF12AFA9C4900785CD1 /* Frameworks */ = {
			isa = PBXFrameworksBuildPhase;
			buildActionMask = 2147483647;
			files = (
			);
			runOnlyForDeploymentPostprocessing = 0;
		};
/* End PBXFrameworksBuildPhase section */

/* Begin PBXGroup section */
		57871CEB2AFA9C4900785CD1 = {
			isa = PBXGroup;
			children = (
				57871CF62AFA9C4900785CD1 /* NotesWS */,
				57871CF52AFA9C4900785CD1 /* Products */,
			);
			sourceTree = "<group>";
		};
		57871CF52AFA9C4900785CD1 /* Products */ = {
			isa = PBXGroup;
			children = (
				57871CF42AFA9C4900785CD1 /* NotesWS.app */,
			);
			name = Products;
			sourceTree = "<group>";
		};
		57871CF62AFA9C4900785CD1 /* NotesWS */ = {
			isa = PBXGroup;
			children = (
				57871CF72AFA9C4900785CD1 /* NotesWSApp.swift */,
				57871CF92AFA9C4900785CD1 /* ContentView.swift */,
				578082232B0E4DFF00F38788 /* NoteModel.swift */,
				57FB63482B0528FA00A730CC /* ContentViewTwo.swift */,
				578082292B0E56B500F38788 /* NoteDetail.swift */,
				578082252B0E4EC700F38788 /* SavedNotes.swift */,
				578082272B0E4F2D00F38788 /* AddNoteView.swift */,
				57871CFB2AFA9C4A00785CD1 /* Assets.xcassets */,
				57871CFD2AFA9C4A00785CD1 /* Preview Content */,
			);
			path = NotesWS;
			sourceTree = "<group>";
		};
		57871CFD2AFA9C4A00785CD1 /* Preview Content */ = {
			isa = PBXGroup;
			children = (
				57871CFE2AFA9C4A00785CD1 /* Preview Assets.xcassets */,
			);
			path = "Preview Content";
			sourceTree = "<group>";
		};
/* End PBXGroup section */

/* Begin PBXNativeTarget section */
		57871CF32AFA9C4900785CD1 /* NotesWS */ = {
			isa = PBXNativeTarget;
			buildConfigurationList = 57871D022AFA9C4A00785CD1 /* Build configuration list for PBXNativeTarget "NotesWS" */;
			buildPhases = (
				57871CF02AFA9C4900785CD1 /* Sources */,
				57871CF12AFA9C4900785CD1 /* Frameworks */,
				57871CF22AFA9C4900785CD1 /* Resources */,
			);
			buildRules = (
			);
			dependencies = (
			);
			name = NotesWS;
			productName = NotesWS;
			productReference = 57871CF42AFA9C4900785CD1 /* NotesWS.app */;
			productType = "com.apple.product-type.application";
		};
/* End PBXNativeTarget section */

/* Begin PBXProject section */
		57871CEC2AFA9C4900785CD1 /* Project object */ = {
			isa = PBXProject;
			attributes = {
				BuildIndependentTargetsInParallel = 1;
				LastSwiftUpdateCheck = 1500;
				LastUpgradeCheck = 1500;
				TargetAttributes = {
					57871CF32AFA9C4900785CD1 = {
						CreatedOnToolsVersion = 15.0;
					};
				};
			};
			buildConfigurationList = 57871CEF2AFA9C4900785CD1 /* Build configuration list for PBXProject "NotesWS" */;
			compatibilityVersion = "Xcode 14.0";
			developmentRegion = en;
			hasScannedForEncodings = 0;
			knownRegions = (
				en,
				Base,
			);
			mainGroup = 57871CEB2AFA9C4900785CD1;
			productRefGroup = 57871CF52AFA9C4900785CD1 /* Products */;
			projectDirPath = "";
			projectRoot = "";
			targets = (
				57871CF32AFA9C4900785CD1 /* NotesWS */,
			);
		};
/* End PBXProject section */

/* Begin PBXResourcesBuildPhase section */
		57871CF22AFA9C4900785CD1 /* Resources */ = {
			isa = PBXResourcesBuildPhase;
			buildActionMask = 2147483647;
			files = (
				57871CFF2AFA9C4A00785CD1 /* Preview Assets.xcassets in Resources */,
				57871CFC2AFA9C4A00785CD1 /* Assets.xcassets in Resources */,
			);
			runOnlyForDeploymentPostprocessing = 0;
		};
/* End PBXResourcesBuildPhase section */

/* Begin PBXSourcesBuildPhase section */
		57871CF02AFA9C4900785CD1 /* Sources */ = {
			isa = PBXSourcesBuildPhase;
			buildActionMask = 2147483647;
			files = (
				57FB63492B0528FA00A730CC /* ContentViewTwo.swift in Sources */,
				578082242B0E4DFF00F38788 /* NoteModel.swift in Sources */,
				578082262B0E4EC700F38788 /* SavedNotes.swift in Sources */,
				57871CFA2AFA9C4900785CD1 /* ContentView.swift in Sources */,
				57871CF82AFA9C4900785CD1 /* NotesWSApp.swift in Sources */,
				578082282B0E4F2D00F38788 /* AddNoteView.swift in Sources */,
				5780822A2B0E56B500F38788 /* NoteDetail.swift in Sources */,
			);
			runOnlyForDeploymentPostprocessing = 0;
		};
/* End PBXSourcesBuildPhase section */

/* Begin XCBuildConfiguration section */
		57871D002AFA9C4A00785CD1 /* Debug */ = {
			isa = XCBuildConfiguration;
			buildSettings = {
				ALWAYS_SEARCH_USER_PATHS = NO;
				ASSETCATALOG_COMPILER_GENERATE_SWIFT_ASSET_SYMBOL_EXTENSIONS = YES;
				CLANG_ANALYZER_NONNULL = YES;
				CLANG_ANALYZER_NUMBER_OBJECT_CONVERSION = YES_AGGRESSIVE;
				CLANG_CXX_LANGUAGE_STANDARD = "gnu++20";
				CLANG_ENABLE_MODULES = YES;
				CLANG_ENABLE_OBJC_ARC = YES;
				CLANG_ENABLE_OBJC_WEAK = YES;
				CLANG_WARN_BLOCK_CAPTURE_AUTORELEASING = YES;
				CLANG_WARN_BOOL_CONVERSION = YES;
				CLANG_WARN_COMMA = YES;
				CLANG_WARN_CONSTANT_CONVERSION = YES;
				CLANG_WARN_DEPRECATED_OBJC_IMPLEMENTATIONS = YES;
				CLANG_WARN_DIRECT_OBJC_ISA_USAGE = YES_ERROR;
				CLANG_WARN_DOCUMENTATION_COMMENTS = YES;
				CLANG_WARN_EMPTY_BODY = YES;
				CLANG_WARN_ENUM_CONVERSION = YES;
				CLANG_WARN_INFINITE_RECURSION = YES;
				CLANG_WARN_INT_CONVERSION = YES;
				CLANG_WARN_NON_LITERAL_NULL_CONVERSION = YES;
				CLANG_WARN_OBJC_IMPLICIT_RETAIN_SELF = YES;
				CLANG_WARN_OBJC_LITERAL_CONVERSION = YES;
				CLANG_WARN_OBJC_ROOT_CLASS = YES_ERROR;
				CLANG_WARN_QUOTED_INCLUDE_IN_FRAMEWORK_HEADER = YES;
				CLANG_WARN_RANGE_LOOP_ANALYSIS = YES;
				CLANG_WARN_STRICT_PROTOTYPES = YES;
				CLANG_WARN_SUSPICIOUS_MOVE = YES;
				CLANG_WARN_UNGUARDED_AVAILABILITY = YES_AGGRESSIVE;
				CLANG_WARN_UNREACHABLE_CODE = YES;
				CLANG_WARN__DUPLICATE_METHOD_MATCH = YES;
				COPY_PHASE_STRIP = NO;
				DEBUG_INFORMATION_FORMAT = dwarf;
				ENABLE_STRICT_OBJC_MSGSEND = YES;
				ENABLE_TESTABILITY = YES;
				ENABLE_USER_SCRIPT_SANDBOXING = YES;
				GCC_C_LANGUAGE_STANDARD = gnu17;
				GCC_DYNAMIC_NO_PIC = NO;
				GCC_NO_COMMON_BLOCKS = YES;
				GCC_OPTIMIZATION_LEVEL = 0;
				GCC_PREPROCESSOR_DEFINITIONS = (
					"DEBUG=1",
					"$(inherited)",
				);
				GCC_WARN_64_TO_32_BIT_CONVERSION = YES;
				GCC_WARN_ABOUT_RETURN_TYPE = YES_ERROR;
				GCC_WARN_UNDECLARED_SELECTOR = YES;
				GCC_WARN_UNINITIALIZED_AUTOS = YES_AGGRESSIVE;
				GCC_WARN_UNUSED_FUNCTION = YES;
				GCC_WARN_UNUSED_VARIABLE = YES;
				IPHONEOS_DEPLOYMENT_TARGET = 17.0;
				LOCALIZATION_PREFERS_STRING_CATALOGS = YES;
				MTL_ENABLE_DEBUG_INFO = INCLUDE_SOURCE;
				MTL_FAST_MATH = YES;
				ONLY_ACTIVE_ARCH = YES;
				SDKROOT = iphoneos;
				SWIFT_ACTIVE_COMPILATION_CONDITIONS = "DEBUG $(inherited)";
				SWIFT_OPTIMIZATION_LEVEL = "-Onone";
			};
			name = Debug;
		};
		57871D012AFA9C4A00785CD1 /* Release */ = {
			isa = XCBuildConfiguration;
			buildSettings = {
				ALWAYS_SEARCH_USER_PATHS = NO;
				ASSETCATALOG_COMPILER_GENERATE_SWIFT_ASSET_SYMBOL_EXTENSIONS = YES;
				CLANG_ANALYZER_NONNULL = YES;
				CLANG_ANALYZER_NUMBER_OBJECT_CONVERSION = YES_AGGRESSIVE;
				CLANG_CXX_LANGUAGE_STANDARD = "gnu++20";
				CLANG_ENABLE_MODULES = YES;
				CLANG_ENABLE_OBJC_ARC = YES;
				CLANG_ENABLE_OBJC_WEAK = YES;
				CLANG_WARN_BLOCK_CAPTURE_AUTORELEASING = YES;
				CLANG_WARN_BOOL_CONVERSION = YES;
				CLANG_WARN_COMMA = YES;
				CLANG_WARN_CONSTANT_CONVERSION = YES;
				CLANG_WARN_DEPRECATED_OBJC_IMPLEMENTATIONS = YES;
				CLANG_WARN_DIRECT_OBJC_ISA_USAGE = YES_ERROR;
				CLANG_WARN_DOCUMENTATION_COMMENTS = YES;
				CLANG_WARN_EMPTY_BODY = YES;
				CLANG_WARN_ENUM_CONVERSION = YES;
				CLANG_WARN_INFINITE_RECURSION = YES;
				CLANG_WARN_INT_CONVERSION = YES;
				CLANG_WARN_NON_LITERAL_NULL_CONVERSION = YES;
				CLANG_WARN_OBJC_IMPLICIT_RETAIN_SELF = YES;
				CLANG_WARN_OBJC_LITERAL_CONVERSION = YES;
				CLANG_WARN_OBJC_ROOT_CLASS = YES_ERROR;
				CLANG_WARN_QUOTED_INCLUDE_IN_FRAMEWORK_HEADER = YES;
				CLANG_WARN_RANGE_LOOP_ANALYSIS = YES;
				CLANG_WARN_STRICT_PROTOTYPES = YES;
				CLANG_WARN_SUSPICIOUS_MOVE = YES;
				CLANG_WARN_UNGUARDED_AVAILABILITY = YES_AGGRESSIVE;
				CLANG_WARN_UNREACHABLE_CODE = YES;
				CLANG_WARN__DUPLICATE_METHOD_MATCH = YES;
				COPY_PHASE_STRIP = NO;
				DEBUG_INFORMATION_FORMAT = "dwarf-with-dsym";
				ENABLE_NS_ASSERTIONS = NO;
				ENABLE_STRICT_OBJC_MSGSEND = YES;
				ENABLE_USER_SCRIPT_SANDBOXING = YES;
				GCC_C_LANGUAGE_STANDARD = gnu17;
				GCC_NO_COMMON_BLOCKS = YES;
				GCC_WARN_64_TO_32_BIT_CONVERSION = YES;
				GCC_WARN_ABOUT_RETURN_TYPE = YES_ERROR;
				GCC_WARN_UNDECLARED_SELECTOR = YES;
				GCC_WARN_UNINITIALIZED_AUTOS = YES_AGGRESSIVE;
				GCC_WARN_UNUSED_FUNCTION = YES;
				GCC_WARN_UNUSED_VARIABLE = YES;
				IPHONEOS_DEPLOYMENT_TARGET = 17.0;
				LOCALIZATION_PREFERS_STRING_CATALOGS = YES;
				MTL_ENABLE_DEBUG_INFO = NO;
				MTL_FAST_MATH = YES;
				SDKROOT = iphoneos;
				SWIFT_COMPILATION_MODE = wholemodule;
				VALIDATE_PRODUCT = YES;
			};
			name = Release;
		};
		57871D032AFA9C4A00785CD1 /* Debug */ = {
			isa = XCBuildConfiguration;
			buildSettings = {
				ASSETCATALOG_COMPILER_APPICON_NAME = AppIcon;
				ASSETCATALOG_COMPILER_GLOBAL_ACCENT_COLOR_NAME = AccentColor;
				CODE_SIGN_STYLE = Automatic;
				CURRENT_PROJECT_VERSION = 1;
				DEVELOPMENT_ASSET_PATHS = "\"NotesWS/Preview Content\"";
				DEVELOPMENT_TEAM = 4YBG993S43;
				ENABLE_PREVIEWS = YES;
				GENERATE_INFOPLIST_FILE = YES;
				INFOPLIST_KEY_UIApplicationSceneManifest_Generation = YES;
				INFOPLIST_KEY_UIApplicationSupportsIndirectInputEvents = YES;
				INFOPLIST_KEY_UILaunchScreen_Generation = YES;
				INFOPLIST_KEY_UISupportedInterfaceOrientations_iPad = "UIInterfaceOrientationPortrait UIInterfaceOrientationPortraitUpsideDown UIInterfaceOrientationLandscapeLeft UIInterfaceOrientationLandscapeRight";
				INFOPLIST_KEY_UISupportedInterfaceOrientations_iPhone = "UIInterfaceOrientationPortrait UIInterfaceOrientationLandscapeLeft UIInterfaceOrientationLandscapeRight";
				LD_RUNPATH_SEARCH_PATHS = (
					"$(inherited)",
					"@executable_path/Frameworks",
				);
				MARKETING_VERSION = 1.0;
				PRODUCT_BUNDLE_IDENTIFIER = com.eduardoconti.NotesWS;
				PRODUCT_NAME = "$(TARGET_NAME)";
				SWIFT_EMIT_LOC_STRINGS = YES;
				SWIFT_VERSION = 5.0;
				TARGETED_DEVICE_FAMILY = "1,2";
			};
			name = Debug;
		};
		57871D042AFA9C4A00785CD1 /* Release */ = {
			isa = XCBuildConfiguration;
			buildSettings = {
				ASSETCATALOG_COMPILER_APPICON_NAME = AppIcon;
				ASSETCATALOG_COMPILER_GLOBAL_ACCENT_COLOR_NAME = AccentColor;
				CODE_SIGN_STYLE = Automatic;
				CURRENT_PROJECT_VERSION = 1;
				DEVELOPMENT_ASSET_PATHS = "\"NotesWS/Preview Content\"";
				DEVELOPMENT_TEAM = 4YBG993S43;
				ENABLE_PREVIEWS = YES;
				GENERATE_INFOPLIST_FILE = YES;
				INFOPLIST_KEY_UIApplicationSceneManifest_Generation = YES;
				INFOPLIST_KEY_UIApplicationSupportsIndirectInputEvents = YES;
				INFOPLIST_KEY_UILaunchScreen_Generation = YES;
				INFOPLIST_KEY_UISupportedInterfaceOrientations_iPad = "UIInterfaceOrientationPortrait UIInterfaceOrientationPortraitUpsideDown UIInterfaceOrientationLandscapeLeft UIInterfaceOrientationLandscapeRight";
				INFOPLIST_KEY_UISupportedInterfaceOrientations_iPhone = "UIInterfaceOrientationPortrait UIInterfaceOrientationLandscapeLeft UIInterfaceOrientationLandscapeRight";
				LD_RUNPATH_SEARCH_PATHS = (
					"$(inherited)",
					"@executable_path/Frameworks",
				);
				MARKETING_VERSION = 1.0;
				PRODUCT_BUNDLE_IDENTIFIER = com.eduardoconti.NotesWS;
				PRODUCT_NAME = "$(TARGET_NAME)";
				SWIFT_EMIT_LOC_STRINGS = YES;
				SWIFT_VERSION = 5.0;
				TARGETED_DEVICE_FAMILY = "1,2";
			};
			name = Release;
		};
/* End XCBuildConfiguration section */

/* Begin XCConfigurationList section */
		57871CEF2AFA9C4900785CD1 /* Build configuration list for PBXProject "NotesWS" */ = {
			isa = XCConfigurationList;
			buildConfigurations = (
				57871D002AFA9C4A00785CD1 /* Debug */,
				57871D012AFA9C4A00785CD1 /* Release */,
			);
			defaultConfigurationIsVisible = 0;
			defaultConfigurationName = Release;
		};
		57871D022AFA9C4A00785CD1 /* Build configuration list for PBXNativeTarget "NotesWS" */ = {
			isa = XCConfigurationList;
			buildConfigurations = (
				57871D032AFA9C4A00785CD1 /* Debug */,
				57871D042AFA9C4A00785CD1 /* Release */,
			);
			defaultConfigurationIsVisible = 0;
			defaultConfigurationName = Release;
		};
/* End XCConfigurationList section */
	};
	rootObject = 57871CEC2AFA9C4900785CD1 /* Project object */;
}
